
Microsoft Visual Studio Solution File, Format Version 12.00
# Visual Studio Version 16
VisualStudioVersion = 16.0.29709.97
MinimumVisualStudioVersion = 10.0.40219.1
Project("{FAE04EC0-301F-11D3-BF4B-00C04F79EFBC}") = "Generic", "Generic\Generic.csproj", "{3EDFABE5-03FC-427A-B379-6999406E3154}"
EndProject
Project("{FAE04EC0-301F-11D3-BF4B-00C04F79EFBC}") = "Delegate", "Delegate\Delegate.csproj", "{8A2B4D80-ABC8-4F3A-980C-B27913CB9220}"
EndProject
Project("{FAE04EC0-301F-11D3-BF4B-00C04F79EFBC}") = "LamdaExpression", "LamdaExpression\LamdaExpression.csproj", "{1D12FC16-DBE1-4E78-86CB-C82BC833904F}"
EndProject
Project("{FAE04EC0-301F-11D3-BF4B-00C04F79EFBC}") = "Event", "Event\Event.csproj", "{A01142DA-87A1-4B7D-8047-C5A637C133C8}"
EndProject
Project("{FAE04EC0-301F-11D3-BF4B-00C04F79EFBC}") = "ExtensionMethod", "ExtensionMethod\ExtensionMethod.csproj", "{A456E62A-4CA5-4636-8C69-FAB9423169FF}"
EndProject
Project("{FAE04EC0-301F-11D3-BF4B-00C04F79EFBC}") = "ExceptionHandling", "Exception Handling\ExceptionHandling.csproj", "{C85577F9-25A8-4BC2-9D65-229922C98722}"
EndProject
Global
	GlobalSection(SolutionConfigurationPlatforms) = preSolution
		Debug|Any CPU = Debug|Any CPU
		Release|Any CPU = Release|Any CPU
	EndGlobalSection
	GlobalSection(ProjectConfigurationPlatforms) = postSolution
		{3EDFABE5-03FC-427A-B379-6999406E3154}.Debug|Any CPU.ActiveCfg = Debug|Any CPU
		{3EDFABE5-03FC-427A-B379-6999406E3154}.Debug|Any CPU.Build.0 = Debug|Any CPU
		{3EDFABE5-03FC-427A-B379-6999406E3154}.Release|Any CPU.ActiveCfg = Release|Any CPU
		{3EDFABE5-03FC-427A-B379-6999406E3154}.Release|Any CPU.Build.0 = Release|Any CPU
		{8A2B4D80-ABC8-4F3A-980C-B27913CB9220}.Debug|Any CPU.ActiveCfg = Debug|Any CPU
		{8A2B4D80-ABC8-4F3A-980C-B27913CB9220}.Debug|Any CPU.Build.0 = Debug|Any CPU
		{8A2B4D80-ABC8-4F3A-980C-B27913CB9220}.Release|Any CPU.ActiveCfg = Release|Any CPU
		{8A2B4D80-ABC8-4F3A-980C-B27913CB9220}.Release|Any CPU.Build.0 = Release|Any CPU
		{1D12FC16-DBE1-4E78-86CB-C82BC833904F}.Debug|Any CPU.ActiveCfg = Debug|Any CPU
		{1D12FC16-DBE1-4E78-86CB-C82BC833904F}.Debug|Any CPU.Build.0 = Debug|Any CPU
		{1D12FC16-DBE1-4E78-86CB-C82BC833904F}.Release|Any CPU.ActiveCfg = Release|Any CPU
		{1D12FC16-DBE1-4E78-86CB-C82BC833904F}.Release|Any CPU.Build.0 = Release|Any CPU
		{A01142DA-87A1-4B7D-8047-C5A637C133C8}.Debug|Any CPU.ActiveCfg = Debug|Any CPU
		{A01142DA-87A1-4B7D-8047-C5A637C133C8}.Debug|Any CPU.Build.0 = Debug|Any CPU
		{A01142DA-87A1-4B7D-8047-C5A637C133C8}.Release|Any CPU.ActiveCfg = Release|Any CPU
		{A01142DA-87A1-4B7D-8047-C5A637C133C8}.Release|Any CPU.Build.0 = Release|Any CPU
		{A456E62A-4CA5-4636-8C69-FAB9423169FF}.Debug|Any CPU.ActiveCfg = Debug|Any CPU
		{A456E62A-4CA5-4636-8C69-FAB9423169FF}.Debug|Any CPU.Build.0 = Debug|Any CPU
		{A456E62A-4CA5-4636-8C69-FAB9423169FF}.Release|Any CPU.ActiveCfg = Release|Any CPU
		{A456E62A-4CA5-4636-8C69-FAB9423169FF}.Release|Any CPU.Build.0 = Release|Any CPU
		{C85577F9-25A8-4BC2-9D65-229922C98722}.Debug|Any CPU.ActiveCfg = Debug|Any CPU
		{C85577F9-25A8-4BC2-9D65-229922C98722}.Debug|Any CPU.Build.0 = Debug|Any CPU
		{C85577F9-25A8-4BC2-9D65-229922C98722}.Release|Any CPU.ActiveCfg = Release|Any CPU
		{C85577F9-25A8-4BC2-9D65-229922C98722}.Release|Any CPU.Build.0 = Release|Any CPU
	EndGlobalSection
	GlobalSection(SolutionProperties) = preSolution
		HideSolutionNode = FALSE
	EndGlobalSection
	GlobalSection(ExtensibilityGlobals) = postSolution
		SolutionGuid = {67CD4F05-3920-44ED-B6BE-A83E297FDE10}
	EndGlobalSection
EndGlobal
